
Microsoft Visual Studio Solution File, Format Version 12.00
# Visual Studio Version 16
VisualStudioVersion = 16.0.32901.82
MinimumVisualStudioVersion = 10.0.40219.1
Project("{F184B08F-C81C-45F6-A57F-5ABD9991F28F}") = "Machine", "Machine.vbproj", "{73B43B90-049F-4E42-861D-5018C0B17621}"
EndProject
Global
	GlobalSection(SolutionConfigurationPlatforms) = preSolution
		Debug|Any CPU = Debug|Any CPU
		Release|Any CPU = Release|Any CPU
	EndGlobalSection
	GlobalSection(ProjectConfigurationPlatforms) = postSolution
		{73B43B90-049F-4E42-861D-5018C0B17621}.Debug|Any CPU.ActiveCfg = Debug|Any CPU
		{73B43B90-049F-4E42-861D-5018C0B17621}.Debug|Any CPU.Build.0 = Debug|Any CPU
		{73B43B90-049F-4E42-861D-5018C0B17621}.Release|Any CPU.ActiveCfg = Release|Any CPU
		{73B43B90-049F-4E42-861D-5018C0B17621}.Release|Any CPU.Build.0 = Release|Any CPU
	EndGlobalSection
	GlobalSection(SolutionProperties) = preSolution
		HideSolutionNode = FALSE
	EndGlobalSection
	GlobalSection(ExtensibilityGlobals) = postSolution
		SolutionGuid = {5F982BAA-1200-44A0-B90D-CC722BF1EB01}
	EndGlobalSection
EndGlobal
